# This file is automatically @generated by Poetry 1.8.3 and should not be changed by hand.

[[package]]
name = "srt"
version = "3.5.3"
description = "A tiny library for parsing, modifying, and composing SRT files."
optional = false
python-versions = ">=2.7"
files = [
    {file = "srt-3.5.3.tar.gz", hash = "sha256:4884315043a4f0740fd1f878ed6caa376ac06d70e135f306a6dc44632eed0cc0"},
]

[metadata]
lock-version = "2.0"
python-versions = "^3.11"
content-hash = "b1c8fc30beb41961ac8bf5656f8b610454220dd60ffd7c835f1f47799d2b6edd"
